
Microsoft Visual Studio Solution File, Format Version 12.00
# Visual Studio 15
VisualStudioVersion = 15.0.26228.9
MinimumVisualStudioVersion = 10.0.40219.1
Project("{FAE04EC0-301F-11D3-BF4B-00C04F79EFBC}") = "TeamBuilder.Models", "TeamBuilder.Models\TeamBuilder.Models.csproj", "{8FDF387D-8D06-49E8-990D-A85662F46576}"
EndProject
Project("{FAE04EC0-301F-11D3-BF4B-00C04F79EFBC}") = "TeamBuilder.Data", "TeamBuilder.Data\TeamBuilder.Data.csproj", "{63935CDB-2DB4-4C41-9ABE-AFE2445CA027}"
EndProject
Project("{FAE04EC0-301F-11D3-BF4B-00C04F79EFBC}") = "TeamBuilder.Client", "TeamBuilder.Client\TeamBuilder.Client.csproj", "{87A6B8AD-FC10-434E-99E6-D9A7AE5A9EDF}"
EndProject
Project("{FAE04EC0-301F-11D3-BF4B-00C04F79EFBC}") = "TeamBuilder.ImportExport", "TeamBuilder.ImportExport\TeamBuilder.ImportExport.csproj", "{685C5040-6C9E-4F82-9751-050224C4C4BE}"
EndProject
Global
	GlobalSection(SolutionConfigurationPlatforms) = preSolution
		Debug|Any CPU = Debug|Any CPU
		Release|Any CPU = Release|Any CPU
	EndGlobalSection
	GlobalSection(ProjectConfigurationPlatforms) = postSolution
		{8FDF387D-8D06-49E8-990D-A85662F46576}.Debug|Any CPU.ActiveCfg = Debug|Any CPU
		{8FDF387D-8D06-49E8-990D-A85662F46576}.Debug|Any CPU.Build.0 = Debug|Any CPU
		{8FDF387D-8D06-49E8-990D-A85662F46576}.Release|Any CPU.ActiveCfg = Release|Any CPU
		{8FDF387D-8D06-49E8-990D-A85662F46576}.Release|Any CPU.Build.0 = Release|Any CPU
		{63935CDB-2DB4-4C41-9ABE-AFE2445CA027}.Debug|Any CPU.ActiveCfg = Debug|Any CPU
		{63935CDB-2DB4-4C41-9ABE-AFE2445CA027}.Debug|Any CPU.Build.0 = Debug|Any CPU
		{63935CDB-2DB4-4C41-9ABE-AFE2445CA027}.Release|Any CPU.ActiveCfg = Release|Any CPU
		{63935CDB-2DB4-4C41-9ABE-AFE2445CA027}.Release|Any CPU.Build.0 = Release|Any CPU
		{87A6B8AD-FC10-434E-99E6-D9A7AE5A9EDF}.Debug|Any CPU.ActiveCfg = Debug|Any CPU
		{87A6B8AD-FC10-434E-99E6-D9A7AE5A9EDF}.Debug|Any CPU.Build.0 = Debug|Any CPU
		{87A6B8AD-FC10-434E-99E6-D9A7AE5A9EDF}.Release|Any CPU.ActiveCfg = Release|Any CPU
		{87A6B8AD-FC10-434E-99E6-D9A7AE5A9EDF}.Release|Any CPU.Build.0 = Release|Any CPU
		{685C5040-6C9E-4F82-9751-050224C4C4BE}.Debug|Any CPU.ActiveCfg = Debug|Any CPU
		{685C5040-6C9E-4F82-9751-050224C4C4BE}.Debug|Any CPU.Build.0 = Debug|Any CPU
		{685C5040-6C9E-4F82-9751-050224C4C4BE}.Release|Any CPU.ActiveCfg = Release|Any CPU
		{685C5040-6C9E-4F82-9751-050224C4C4BE}.Release|Any CPU.Build.0 = Release|Any CPU
	EndGlobalSection
	GlobalSection(SolutionProperties) = preSolution
		HideSolutionNode = FALSE
	EndGlobalSection
EndGlobal
