
Microsoft Visual Studio Solution File, Format Version 12.00
# Visual Studio 15
VisualStudioVersion = 15.0.26228.9
MinimumVisualStudioVersion = 10.0.40219.1
Project("{FAE04EC0-301F-11D3-BF4B-00C04F79EFBC}") = "ProductShop.Data", "ProductShop.Data\ProductShop.Data.csproj", "{09826B4E-63EF-4E35-9358-713FF73E3E74}"
EndProject
Project("{FAE04EC0-301F-11D3-BF4B-00C04F79EFBC}") = "ProductShop.Client", "ProductShop.Client\ProductShop.Client.csproj", "{DA81C044-18FA-4884-BE75-ABE40112E626}"
EndProject
Project("{FAE04EC0-301F-11D3-BF4B-00C04F79EFBC}") = "FirstTwoExercises", "FirstTwoExercises\FirstTwoExercises.csproj", "{69B5ED73-E975-434A-A402-557A05E6C820}"
EndProject
Global
	GlobalSection(SolutionConfigurationPlatforms) = preSolution
		Debug|Any CPU = Debug|Any CPU
		Release|Any CPU = Release|Any CPU
	EndGlobalSection
	GlobalSection(ProjectConfigurationPlatforms) = postSolution
		{09826B4E-63EF-4E35-9358-713FF73E3E74}.Debug|Any CPU.ActiveCfg = Debug|Any CPU
		{09826B4E-63EF-4E35-9358-713FF73E3E74}.Debug|Any CPU.Build.0 = Debug|Any CPU
		{09826B4E-63EF-4E35-9358-713FF73E3E74}.Release|Any CPU.ActiveCfg = Release|Any CPU
		{09826B4E-63EF-4E35-9358-713FF73E3E74}.Release|Any CPU.Build.0 = Release|Any CPU
		{DA81C044-18FA-4884-BE75-ABE40112E626}.Debug|Any CPU.ActiveCfg = Debug|Any CPU
		{DA81C044-18FA-4884-BE75-ABE40112E626}.Debug|Any CPU.Build.0 = Debug|Any CPU
		{DA81C044-18FA-4884-BE75-ABE40112E626}.Release|Any CPU.ActiveCfg = Release|Any CPU
		{DA81C044-18FA-4884-BE75-ABE40112E626}.Release|Any CPU.Build.0 = Release|Any CPU
		{69B5ED73-E975-434A-A402-557A05E6C820}.Debug|Any CPU.ActiveCfg = Debug|Any CPU
		{69B5ED73-E975-434A-A402-557A05E6C820}.Debug|Any CPU.Build.0 = Debug|Any CPU
		{69B5ED73-E975-434A-A402-557A05E6C820}.Release|Any CPU.ActiveCfg = Release|Any CPU
		{69B5ED73-E975-434A-A402-557A05E6C820}.Release|Any CPU.Build.0 = Release|Any CPU
	EndGlobalSection
	GlobalSection(SolutionProperties) = preSolution
		HideSolutionNode = FALSE
	EndGlobalSection
EndGlobal
