
Microsoft Visual Studio Solution File, Format Version 12.00
# Visual Studio 15
VisualStudioVersion = 15.0.26228.9
MinimumVisualStudioVersion = 10.0.40219.1
Project("{FAE04EC0-301F-11D3-BF4B-00C04F79EFBC}") = "CarDealer.Models", "CarDealer.Models\CarDealer.Models.csproj", "{1356CFAA-4123-431C-9918-45461B3232B5}"
EndProject
Project("{FAE04EC0-301F-11D3-BF4B-00C04F79EFBC}") = "CarDealer.Data", "CarDealer.Data\CarDealer.Data.csproj", "{181CF461-D3D7-4440-A24D-D420AC381C6F}"
EndProject
Project("{FAE04EC0-301F-11D3-BF4B-00C04F79EFBC}") = "CarDealer.Client", "CarDealer.Client\CarDealer.Client.csproj", "{D0E27A1E-BFA8-4933-8BFF-B03ECEE662A5}"
EndProject
Global
	GlobalSection(SolutionConfigurationPlatforms) = preSolution
		Debug|Any CPU = Debug|Any CPU
		Release|Any CPU = Release|Any CPU
	EndGlobalSection
	GlobalSection(ProjectConfigurationPlatforms) = postSolution
		{1356CFAA-4123-431C-9918-45461B3232B5}.Debug|Any CPU.ActiveCfg = Debug|Any CPU
		{1356CFAA-4123-431C-9918-45461B3232B5}.Debug|Any CPU.Build.0 = Debug|Any CPU
		{1356CFAA-4123-431C-9918-45461B3232B5}.Release|Any CPU.ActiveCfg = Release|Any CPU
		{1356CFAA-4123-431C-9918-45461B3232B5}.Release|Any CPU.Build.0 = Release|Any CPU
		{181CF461-D3D7-4440-A24D-D420AC381C6F}.Debug|Any CPU.ActiveCfg = Debug|Any CPU
		{181CF461-D3D7-4440-A24D-D420AC381C6F}.Debug|Any CPU.Build.0 = Debug|Any CPU
		{181CF461-D3D7-4440-A24D-D420AC381C6F}.Release|Any CPU.ActiveCfg = Release|Any CPU
		{181CF461-D3D7-4440-A24D-D420AC381C6F}.Release|Any CPU.Build.0 = Release|Any CPU
		{D0E27A1E-BFA8-4933-8BFF-B03ECEE662A5}.Debug|Any CPU.ActiveCfg = Debug|Any CPU
		{D0E27A1E-BFA8-4933-8BFF-B03ECEE662A5}.Debug|Any CPU.Build.0 = Debug|Any CPU
		{D0E27A1E-BFA8-4933-8BFF-B03ECEE662A5}.Release|Any CPU.ActiveCfg = Release|Any CPU
		{D0E27A1E-BFA8-4933-8BFF-B03ECEE662A5}.Release|Any CPU.Build.0 = Release|Any CPU
	EndGlobalSection
	GlobalSection(SolutionProperties) = preSolution
		HideSolutionNode = FALSE
	EndGlobalSection
EndGlobal
