
Microsoft Visual Studio Solution File, Format Version 12.00
# Visual Studio 15
VisualStudioVersion = 15.0.26730.16
MinimumVisualStudioVersion = 10.0.40219.1
Project("{FAE04EC0-301F-11D3-BF4B-00C04F79EFBC}") = "WebApiBooks", "WebApiBooks\WebApiBooks.csproj", "{5D095B4E-4123-4A1F-99A9-DDD38201649C}"
EndProject
Project("{FAE04EC0-301F-11D3-BF4B-00C04F79EFBC}") = "WebApiBooks.Data", "WebApiBooks.Data\WebApiBooks.Data.csproj", "{7D8D59F3-69CA-429C-A81C-1838D69477E4}"
EndProject
Project("{FAE04EC0-301F-11D3-BF4B-00C04F79EFBC}") = "WebApiBooks.Services", "WebApiBooks.Services\WebApiBooks.Services.csproj", "{253B304B-8101-4D50-9735-43B2C9BC93F5}"
EndProject
Global
	GlobalSection(SolutionConfigurationPlatforms) = preSolution
		Debug|Any CPU = Debug|Any CPU
		Release|Any CPU = Release|Any CPU
	EndGlobalSection
	GlobalSection(ProjectConfigurationPlatforms) = postSolution
		{5D095B4E-4123-4A1F-99A9-DDD38201649C}.Debug|Any CPU.ActiveCfg = Debug|Any CPU
		{5D095B4E-4123-4A1F-99A9-DDD38201649C}.Debug|Any CPU.Build.0 = Debug|Any CPU
		{5D095B4E-4123-4A1F-99A9-DDD38201649C}.Release|Any CPU.ActiveCfg = Release|Any CPU
		{5D095B4E-4123-4A1F-99A9-DDD38201649C}.Release|Any CPU.Build.0 = Release|Any CPU
		{7D8D59F3-69CA-429C-A81C-1838D69477E4}.Debug|Any CPU.ActiveCfg = Debug|Any CPU
		{7D8D59F3-69CA-429C-A81C-1838D69477E4}.Debug|Any CPU.Build.0 = Debug|Any CPU
		{7D8D59F3-69CA-429C-A81C-1838D69477E4}.Release|Any CPU.ActiveCfg = Release|Any CPU
		{7D8D59F3-69CA-429C-A81C-1838D69477E4}.Release|Any CPU.Build.0 = Release|Any CPU
		{253B304B-8101-4D50-9735-43B2C9BC93F5}.Debug|Any CPU.ActiveCfg = Debug|Any CPU
		{253B304B-8101-4D50-9735-43B2C9BC93F5}.Debug|Any CPU.Build.0 = Debug|Any CPU
		{253B304B-8101-4D50-9735-43B2C9BC93F5}.Release|Any CPU.ActiveCfg = Release|Any CPU
		{253B304B-8101-4D50-9735-43B2C9BC93F5}.Release|Any CPU.Build.0 = Release|Any CPU
	EndGlobalSection
	GlobalSection(SolutionProperties) = preSolution
		HideSolutionNode = FALSE
	EndGlobalSection
	GlobalSection(ExtensibilityGlobals) = postSolution
		SolutionGuid = {AA998962-9803-42E1-B8C4-68F27CC49BCB}
	EndGlobalSection
EndGlobal
